{
  "nodes": {
    "alejandra": {
      "inputs": {
        "flakeCompat": "flakeCompat",
        "nixpkgs": "nixpkgs_2"
      },
      "locked": {
        "lastModified": 1652974241,
        "narHash": "sha256-0AolxQtKj3Oek0WSbODDpPVO5Ih8PXHOA3qXEKPB4dQ=",
        "owner": "kamadorueda",
        "repo": "alejandra",
        "rev": "0be1462419fc73270a5dc0f84f8092603890b029",
        "type": "github"
      },
      "original": {
        "owner": "kamadorueda",
        "repo": "alejandra",
        "type": "github"
      }
    },
    "crane": {
      "flake": false,
      "locked": {
        "lastModified": 1644785799,
        "narHash": "sha256-VpAJO1L0XeBvtCuNGK4IDKp6ENHIpTrlaZT7yfBCvwo=",
        "owner": "ipetkov",
        "repo": "crane",
        "rev": "fc7a94f841347c88f2cb44217b2a3faa93e2a0b2",
        "type": "github"
      },
      "original": {
        "owner": "ipetkov",
        "repo": "crane",
        "type": "github"
      }
    },
    "devshell": {
      "inputs": {
        "flake-utils": "flake-utils",
        "nixpkgs": "nixpkgs"
      },
      "locked": {
        "lastModified": 1653308769,
        "narHash": "sha256-9bylbRkrmaUiYYjcVLd0JyvqpKveOUw5q2mBf2+pR0c=",
        "owner": "numtide",
        "repo": "devshell",
        "rev": "a00abaeb902ff568f9542d4b6f335e3a4db5c548",
        "type": "github"
      },
      "original": {
        "owner": "numtide",
        "repo": "devshell",
        "type": "github"
      }
    },
    "dream2nix": {
      "inputs": {
        "alejandra": "alejandra",
        "crane": "crane",
        "flake-utils-pre-commit": "flake-utils-pre-commit",
        "gomod2nix": "gomod2nix",
        "mach-nix": "mach-nix",
        "nixpkgs": "nixpkgs_3",
        "node2nix": "node2nix",
        "poetry2nix": "poetry2nix",
        "pre-commit-hooks": "pre-commit-hooks"
      },
      "locked": {
        "lastModified": 1653135531,
        "narHash": "sha256-pYwJrEQrG8BgeVcI+lveK3KbOBDx9MT28HxV09v+jgI=",
        "owner": "nix-community",
        "repo": "dream2nix",
        "rev": "4b3dfb101fd2fdbe25bd128072f138276aa4bc82",
        "type": "github"
      },
      "original": {
        "owner": "nix-community",
        "repo": "dream2nix",
        "type": "github"
      }
    },
    "flake-utils": {
      "locked": {
        "lastModified": 1642700792,
        "narHash": "sha256-XqHrk7hFb+zBvRg6Ghl+AZDq03ov6OshJLiSWOoX5es=",
        "owner": "numtide",
        "repo": "flake-utils",
        "rev": "846b2ae0fc4cc943637d3d1def4454213e203cba",
        "type": "github"
      },
      "original": {
        "owner": "numtide",
        "repo": "flake-utils",
        "type": "github"
      }
    },
    "flake-utils-pre-commit": {
      "locked": {
        "lastModified": 1652776076,
        "narHash": "sha256-gzTw/v1vj4dOVbpBSJX4J0DwUR6LIyXo7/SuuTJp1kM=",
        "owner": "numtide",
        "repo": "flake-utils",
        "rev": "04c1b180862888302ddfb2e3ad9eaa63afc60cf8",
        "type": "github"
      },
      "original": {
        "owner": "numtide",
        "repo": "flake-utils",
        "type": "github"
      }
    },
    "flake-utils_2": {
      "locked": {
        "lastModified": 1652776076,
        "narHash": "sha256-gzTw/v1vj4dOVbpBSJX4J0DwUR6LIyXo7/SuuTJp1kM=",
        "owner": "numtide",
        "repo": "flake-utils",
        "rev": "04c1b180862888302ddfb2e3ad9eaa63afc60cf8",
        "type": "github"
      },
      "original": {
        "owner": "numtide",
        "repo": "flake-utils",
        "type": "github"
      }
    },
    "flakeCompat": {
      "flake": false,
      "locked": {
        "lastModified": 1648199409,
        "narHash": "sha256-JwPKdC2PoVBkG6E+eWw3j6BMR6sL3COpYWfif7RVb8Y=",
        "owner": "edolstra",
        "repo": "flake-compat",
        "rev": "64a525ee38886ab9028e6f61790de0832aa3ef03",
        "type": "github"
      },
      "original": {
        "owner": "edolstra",
        "repo": "flake-compat",
        "type": "github"
      }
    },
    "gomod2nix": {
      "flake": false,
      "locked": {
        "lastModified": 1653566221,
        "narHash": "sha256-yjZPif1r+5EdA9Buz0N8+HjgflLEiX2Ak/ZAIeuRPk4=",
        "owner": "tweag",
        "repo": "gomod2nix",
        "rev": "8cb0e010cf3d3e7448f8bff0e7c47a290dae127c",
        "type": "github"
      },
      "original": {
        "owner": "tweag",
        "repo": "gomod2nix",
        "type": "github"
      }
    },
    "mach-nix": {
      "flake": false,
      "locked": {
        "lastModified": 1650921294,
        "narHash": "sha256-UCAtw0VoZQBQ4TTBLswR+mXINT7oC/LPesrMw/ULPDE=",
        "owner": "DavHau",
        "repo": "mach-nix",
        "rev": "26f06e415a74dc10727cf9c9a40c83b635238900",
        "type": "github"
      },
      "original": {
        "id": "mach-nix",
        "type": "indirect"
      }
    },
    "nci": {
      "inputs": {
        "devshell": "devshell",
        "dream2nix": "dream2nix",
        "nixpkgs": [
          "nixpkgs"
        ],
        "rustOverlay": "rustOverlay"
      },
      "locked": {
        "lastModified": 1653545587,
        "narHash": "sha256-npRPgaHfJQEDjwtGepj/RkFLx2vWy7QONTg+nNrV8+o=",
        "owner": "yusdacra",
        "repo": "nix-cargo-integration",
        "rev": "4dec8c939ab5aa1dcdd6d13f8297fb379c188b41",
        "type": "github"
      },
      "original": {
        "owner": "yusdacra",
        "repo": "nix-cargo-integration",
        "type": "github"
      }
    },
    "nixpkgs": {
      "locked": {
        "lastModified": 1653326962,
        "narHash": "sha256-W8feCYqKTsMre4nAEpv5Kx1PVFC+hao/LwqtB2Wci/8=",
        "owner": "NixOS",
        "repo": "nixpkgs",
        "rev": "41cc1d5d9584103be4108c1815c350e07c807036",
        "type": "github"
      },
      "original": {
        "owner": "NixOS",
        "ref": "nixpkgs-unstable",
        "repo": "nixpkgs",
        "type": "github"
      }
    },
    "nixpkgs_2": {
      "locked": {
        "lastModified": 1653532345,
        "narHash": "sha256-RpL3M99jn6/9OB03bEU/dvWhvOmBobPPplso2xeAXrQ=",
        "owner": "nixos",
        "repo": "nixpkgs",
        "rev": "cf22e7bdd0c957781a289f346e9e90d65d0a54f7",
        "type": "github"
      },
      "original": {
        "owner": "nixos",
        "ref": "nixos-unstable-small",
        "repo": "nixpkgs",
        "type": "github"
      }
    },
    "nixpkgs_3": {
      "locked": {
        "lastModified": 1653407748,
        "narHash": "sha256-g9puJaILRTb9ttlLQ7IehpV7Wcy0n+vs8LOFu6ylQcM=",
        "owner": "NixOS",
        "repo": "nixpkgs",
        "rev": "5ce6597eca7d7b518c03ecda57d45f9404b5e060",
        "type": "github"
      },
      "original": {
        "id": "nixpkgs",
        "ref": "nixos-unstable",
        "type": "indirect"
      }
    },
    "nixpkgs_4": {
      "locked": {
        "lastModified": 1653326962,
        "narHash": "sha256-W8feCYqKTsMre4nAEpv5Kx1PVFC+hao/LwqtB2Wci/8=",
        "owner": "NixOS",
        "repo": "nixpkgs",
        "rev": "41cc1d5d9584103be4108c1815c350e07c807036",
        "type": "github"
      },
      "original": {
        "id": "nixpkgs",
        "type": "indirect"
      }
    },
    "nixpkgs_5": {
      "locked": {
        "lastModified": 1653407748,
        "narHash": "sha256-g9puJaILRTb9ttlLQ7IehpV7Wcy0n+vs8LOFu6ylQcM=",
        "owner": "nixos",
        "repo": "nixpkgs",
        "rev": "5ce6597eca7d7b518c03ecda57d45f9404b5e060",
        "type": "github"
      },
      "original": {
        "owner": "nixos",
        "ref": "nixos-unstable",
        "repo": "nixpkgs",
        "type": "github"
      }
    },
    "node2nix": {
      "flake": false,
      "locked": {
        "lastModified": 1653227418,
        "narHash": "sha256-UdGGwdFQ2JzPSjE48QA2Ugqg1icQCjTNDW1HmHi68Zc=",
        "owner": "svanderburg",
        "repo": "node2nix",
        "rev": "9377fe4a45274fab0c7faba4f7c43ffae8421dd2",
        "type": "github"
      },
      "original": {
        "owner": "svanderburg",
        "repo": "node2nix",
        "type": "github"
      }
    },
    "poetry2nix": {
      "flake": false,
      "locked": {
        "lastModified": 1632969109,
        "narHash": "sha256-jPDclkkiAy5m2gGLBlKgH+lQtbF7tL4XxBrbSzw+Ioc=",
        "owner": "nix-community",
        "repo": "poetry2nix",
        "rev": "aee8f04296c39d88155e05d25cfc59dfdd41cc77",
        "type": "github"
      },
      "original": {
        "owner": "nix-community",
        "ref": "1.21.0",
        "repo": "poetry2nix",
        "type": "github"
      }
    },
    "pre-commit-hooks": {
      "inputs": {
        "flake-utils": "flake-utils_2",
        "nixpkgs": "nixpkgs_4"
      },
      "locked": {
        "lastModified": 1652714503,
        "narHash": "sha256-qQKVEfDe5FqvGgkZtg5Pc491foeiDPIOeycHMqnPDps=",
        "owner": "cachix",
        "repo": "pre-commit-hooks.nix",
        "rev": "521a524771a8e93caddaa0ac1d67d03766a8b0b3",
        "type": "github"
      },
      "original": {
        "owner": "cachix",
        "repo": "pre-commit-hooks.nix",
        "type": "github"
      }
    },
    "root": {
      "inputs": {
        "nci": "nci",
        "nixpkgs": "nixpkgs_5"
      }
    },
    "rustOverlay": {
      "flake": false,
      "locked": {
        "lastModified": 1653533230,
        "narHash": "sha256-5nVCJivUY6VIMna/NW8ReAf5Flr3ul+yBOQlN5t7SgA=",
        "owner": "oxalica",
        "repo": "rust-overlay",
        "rev": "d37d7674b0c2cfa28114ea2e2a3d9487597fbddd",
        "type": "github"
      },
      "original": {
        "owner": "oxalica",
        "repo": "rust-overlay",
        "type": "github"
      }
    }
  },
  "root": "root",
  "version": 7
}
